
Microsoft Visual Studio Solution File, Format Version 12.00
# Visual Studio 15
Project("{FAE04EC0-301F-11D3-BF4B-00C04F79EFBC}") = "VRC.Udon.Serialization.OdinSerializer", "VRC.Udon.Serialization.OdinSerializer.csproj", "{68D1914C-6AC5-A270-C622-F6BF7D0BCCC1}"
EndProject
Project("{FAE04EC0-301F-11D3-BF4B-00C04F79EFBC}") = "UdonSharp.Runtime", "UdonSharp.Runtime.csproj", "{84D6C785-1C97-1243-D26F-69202B4C4B04}"
EndProject
Project("{FAE04EC0-301F-11D3-BF4B-00C04F79EFBC}") = "Assembly-CSharp", "Assembly-CSharp.csproj", "{34D77ED2-6590-85C1-7D7E-C72AF2AE8617}"
EndProject
Project("{FAE04EC0-301F-11D3-BF4B-00C04F79EFBC}") = "VRC.Udon", "VRC.Udon.csproj", "{05E8560B-F8F2-290A-2576-6708CD0CDEAA}"
EndProject
Project("{FAE04EC0-301F-11D3-BF4B-00C04F79EFBC}") = "VRCSDK.ShaderStripping", "VRCSDK.ShaderStripping.csproj", "{FEE50934-8406-23BA-DD16-FDC997FF61AB}"
EndProject
Project("{FAE04EC0-301F-11D3-BF4B-00C04F79EFBC}") = "Assembly-CSharp-Editor", "Assembly-CSharp-Editor.csproj", "{26B3C912-0D21-A7A1-A7D4-CABE8F07C700}"
EndProject
Project("{FAE04EC0-301F-11D3-BF4B-00C04F79EFBC}") = "UdonSharp.Editor", "UdonSharp.Editor.csproj", "{027C13A4-406C-1745-B8E0-450E043BFDED}"
EndProject
Project("{FAE04EC0-301F-11D3-BF4B-00C04F79EFBC}") = "VRC.Udon.Editor", "VRC.Udon.Editor.csproj", "{A94AD97B-094D-0E2E-6872-5B1D1FF2F67A}"
EndProject
Global
	GlobalSection(SolutionConfigurationPlatforms) = preSolution
		Debug|Any CPU = Debug|Any CPU
		Release|Any CPU = Release|Any CPU
	EndGlobalSection
	GlobalSection(ProjectConfigurationPlatforms) = postSolution
		{68D1914C-6AC5-A270-C622-F6BF7D0BCCC1}.Debug|Any CPU.ActiveCfg = Debug|Any CPU
		{68D1914C-6AC5-A270-C622-F6BF7D0BCCC1}.Debug|Any CPU.Build.0 = Debug|Any CPU
		{68D1914C-6AC5-A270-C622-F6BF7D0BCCC1}.Release|Any CPU.ActiveCfg = Release|Any CPU
		{68D1914C-6AC5-A270-C622-F6BF7D0BCCC1}.Release|Any CPU.Build.0 = Release|Any CPU
		{84D6C785-1C97-1243-D26F-69202B4C4B04}.Debug|Any CPU.ActiveCfg = Debug|Any CPU
		{84D6C785-1C97-1243-D26F-69202B4C4B04}.Debug|Any CPU.Build.0 = Debug|Any CPU
		{84D6C785-1C97-1243-D26F-69202B4C4B04}.Release|Any CPU.ActiveCfg = Release|Any CPU
		{84D6C785-1C97-1243-D26F-69202B4C4B04}.Release|Any CPU.Build.0 = Release|Any CPU
		{34D77ED2-6590-85C1-7D7E-C72AF2AE8617}.Debug|Any CPU.ActiveCfg = Debug|Any CPU
		{34D77ED2-6590-85C1-7D7E-C72AF2AE8617}.Debug|Any CPU.Build.0 = Debug|Any CPU
		{34D77ED2-6590-85C1-7D7E-C72AF2AE8617}.Release|Any CPU.ActiveCfg = Release|Any CPU
		{34D77ED2-6590-85C1-7D7E-C72AF2AE8617}.Release|Any CPU.Build.0 = Release|Any CPU
		{05E8560B-F8F2-290A-2576-6708CD0CDEAA}.Debug|Any CPU.ActiveCfg = Debug|Any CPU
		{05E8560B-F8F2-290A-2576-6708CD0CDEAA}.Debug|Any CPU.Build.0 = Debug|Any CPU
		{05E8560B-F8F2-290A-2576-6708CD0CDEAA}.Release|Any CPU.ActiveCfg = Release|Any CPU
		{05E8560B-F8F2-290A-2576-6708CD0CDEAA}.Release|Any CPU.Build.0 = Release|Any CPU
		{FEE50934-8406-23BA-DD16-FDC997FF61AB}.Debug|Any CPU.ActiveCfg = Debug|Any CPU
		{FEE50934-8406-23BA-DD16-FDC997FF61AB}.Debug|Any CPU.Build.0 = Debug|Any CPU
		{FEE50934-8406-23BA-DD16-FDC997FF61AB}.Release|Any CPU.ActiveCfg = Release|Any CPU
		{FEE50934-8406-23BA-DD16-FDC997FF61AB}.Release|Any CPU.Build.0 = Release|Any CPU
		{26B3C912-0D21-A7A1-A7D4-CABE8F07C700}.Debug|Any CPU.ActiveCfg = Debug|Any CPU
		{26B3C912-0D21-A7A1-A7D4-CABE8F07C700}.Debug|Any CPU.Build.0 = Debug|Any CPU
		{26B3C912-0D21-A7A1-A7D4-CABE8F07C700}.Release|Any CPU.ActiveCfg = Release|Any CPU
		{26B3C912-0D21-A7A1-A7D4-CABE8F07C700}.Release|Any CPU.Build.0 = Release|Any CPU
		{027C13A4-406C-1745-B8E0-450E043BFDED}.Debug|Any CPU.ActiveCfg = Debug|Any CPU
		{027C13A4-406C-1745-B8E0-450E043BFDED}.Debug|Any CPU.Build.0 = Debug|Any CPU
		{027C13A4-406C-1745-B8E0-450E043BFDED}.Release|Any CPU.ActiveCfg = Release|Any CPU
		{027C13A4-406C-1745-B8E0-450E043BFDED}.Release|Any CPU.Build.0 = Release|Any CPU
		{A94AD97B-094D-0E2E-6872-5B1D1FF2F67A}.Debug|Any CPU.ActiveCfg = Debug|Any CPU
		{A94AD97B-094D-0E2E-6872-5B1D1FF2F67A}.Debug|Any CPU.Build.0 = Debug|Any CPU
		{A94AD97B-094D-0E2E-6872-5B1D1FF2F67A}.Release|Any CPU.ActiveCfg = Release|Any CPU
		{A94AD97B-094D-0E2E-6872-5B1D1FF2F67A}.Release|Any CPU.Build.0 = Release|Any CPU
	EndGlobalSection
	GlobalSection(SolutionProperties) = preSolution
		HideSolutionNode = FALSE
	EndGlobalSection
	GlobalSection(MonoDevelopProperties) = preSolution
		StartupItem = Assembly-CSharp.csproj
	EndGlobalSection
EndGlobal
